// !$*UTF8*$!
{
	archiveVersion = 1;
	classes = {
	};
	objectVersion = 55;
	objects = {

/* Begin PBXBuildFile section */
		432824E428949AC500C99285 /* AppDelegate.swift in Sources */ = {isa = PBXBuildFile; fileRef = 432824E328949AC500C99285 /* AppDelegate.swift */; };
		432824E628949AC500C99285 /* ContentView.swift in Sources */ = {isa = PBXBuildFile; fileRef = 432824E528949AC500C99285 /* ContentView.swift */; };
		432824E828949AC500C99285 /* Experience.rcproject in Sources */ = {isa = PBXBuildFile; fileRef = 432824E728949AC500C99285 /* Experience.rcproject */; };
		432824EA28949AC600C99285 /* Assets.xcassets in Resources */ = {isa = PBXBuildFile; fileRef = 432824E928949AC600C99285 /* Assets.xcassets */; };
		432824ED28949AC600C99285 /* Preview Assets.xcassets in Resources */ = {isa = PBXBuildFile; fileRef = 432824EC28949AC600C99285 /* Preview Assets.xcassets */; };
		432824F728949AC600C99285 /* campvisonTests.swift in Sources */ = {isa = PBXBuildFile; fileRef = 432824F628949AC600C99285 /* campvisonTests.swift */; };
		4328250128949AC600C99285 /* campvisonUITests.swift in Sources */ = {isa = PBXBuildFile; fileRef = 4328250028949AC600C99285 /* campvisonUITests.swift */; };
		4328250328949AC600C99285 /* campvisonUITestsLaunchTests.swift in Sources */ = {isa = PBXBuildFile; fileRef = 4328250228949AC600C99285 /* campvisonUITestsLaunchTests.swift */; };
		432825122894A0E500C99285 /* HomePage.swift in Sources */ = {isa = PBXBuildFile; fileRef = 432825112894A0E500C99285 /* HomePage.swift */; };
		432825142894BA2000C99285 /* images.png in Resources */ = {isa = PBXBuildFile; fileRef = 432825132894BA2000C99285 /* images.png */; };
/* End PBXBuildFile section */

/* Begin PBXContainerItemProxy section */
		432824F328949AC600C99285 /* PBXContainerItemProxy */ = {
			isa = PBXContainerItemProxy;
			containerPortal = 432824D828949AC500C99285 /* Project object */;
			proxyType = 1;
			remoteGlobalIDString = 432824DF28949AC500C99285;
			remoteInfo = campvison;
		};
		432824FD28949AC600C99285 /* PBXContainerItemProxy */ = {
			isa = PBXContainerItemProxy;
			containerPortal = 432824D828949AC500C99285 /* Project object */;
			proxyType = 1;
			remoteGlobalIDString = 432824DF28949AC500C99285;
			remoteInfo = campvison;
		};
/* End PBXContainerItemProxy section */

/* Begin PBXFileReference section */
		432824E028949AC500C99285 /* campvison.app */ = {isa = PBXFileReference; explicitFileType = wrapper.application; includeInIndex = 0; path = campvison.app; sourceTree = BUILT_PRODUCTS_DIR; };
		432824E328949AC500C99285 /* AppDelegate.swift */ = {isa = PBXFileReference; lastKnownFileType = sourcecode.swift; path = AppDelegate.swift; sourceTree = "<group>"; };
		432824E528949AC500C99285 /* ContentView.swift */ = {isa = PBXFileReference; lastKnownFileType = sourcecode.swift; path = ContentView.swift; sourceTree = "<group>"; };
		432824E728949AC500C99285 /* Experience.rcproject */ = {isa = PBXFileReference; lastKnownFileType = file.rcproject; path = Experience.rcproject; sourceTree = "<group>"; };
		432824E928949AC600C99285 /* Assets.xcassets */ = {isa = PBXFileReference; lastKnownFileType = folder.assetcatalog; path = Assets.xcassets; sourceTree = "<group>"; };
		432824EC28949AC600C99285 /* Preview Assets.xcassets */ = {isa = PBXFileReference; lastKnownFileType = folder.assetcatalog; path = "Preview Assets.xcassets"; sourceTree = "<group>"; };
		432824F228949AC600C99285 /* campvisonTests.xctest */ = {isa = PBXFileReference; explicitFileType = wrapper.cfbundle; includeInIndex = 0; path = campvisonTests.xctest; sourceTree = BUILT_PRODUCTS_DIR; };
		432824F628949AC600C99285 /* campvisonTests.swift */ = {isa = PBXFileReference; lastKnownFileType = sourcecode.swift; path = campvisonTests.swift; sourceTree = "<group>"; };
		432824FC28949AC600C99285 /* campvisonUITests.xctest */ = {isa = PBXFileReference; explicitFileType = wrapper.cfbundle; includeInIndex = 0; path = campvisonUITests.xctest; sourceTree = BUILT_PRODUCTS_DIR; };
		4328250028949AC600C99285 /* campvisonUITests.swift */ = {isa = PBXFileReference; lastKnownFileType = sourcecode.swift; path = campvisonUITests.swift; sourceTree = "<group>"; };
		4328250228949AC600C99285 /* campvisonUITestsLaunchTests.swift */ = {isa = PBXFileReference; lastKnownFileType = sourcecode.swift; path = campvisonUITestsLaunchTests.swift; sourceTree = "<group>"; };
		432825112894A0E500C99285 /* HomePage.swift */ = {isa = PBXFileReference; lastKnownFileType = sourcecode.swift; path = HomePage.swift; sourceTree = "<group>"; };
		432825132894BA2000C99285 /* images.png */ = {isa = PBXFileReference; lastKnownFileType = image.png; path = images.png; sourceTree = "<group>"; };
/* End PBXFileReference section */

/* Begin PBXFrameworksBuildPhase section */
		432824DD28949AC500C99285 /* Frameworks */ = {
			isa = PBXFrameworksBuildPhase;
			buildActionMask = 2147483647;
			files = (
			);
			runOnlyForDeploymentPostprocessing = 0;
		};
		432824EF28949AC600C99285 /* Frameworks */ = {
			isa = PBXFrameworksBuildPhase;
			buildActionMask = 2147483647;
			files = (
			);
			runOnlyForDeploymentPostprocessing = 0;
		};
		432824F928949AC600C99285 /* Frameworks */ = {
			isa = PBXFrameworksBuildPhase;
			buildActionMask = 2147483647;
			files = (
			);
			runOnlyForDeploymentPostprocessing = 0;
		};
/* End PBXFrameworksBuildPhase section */

/* Begin PBXGroup section */
		432824D728949AC500C99285 = {
			isa = PBXGroup;
			children = (
				432824E228949AC500C99285 /* campvison */,
				432824F528949AC600C99285 /* campvisonTests */,
				432824FF28949AC600C99285 /* campvisonUITests */,
				432824E128949AC500C99285 /* Products */,
			);
			sourceTree = "<group>";
		};
		432824E128949AC500C99285 /* Products */ = {
			isa = PBXGroup;
			children = (
				432824E028949AC500C99285 /* campvison.app */,
				432824F228949AC600C99285 /* campvisonTests.xctest */,
				432824FC28949AC600C99285 /* campvisonUITests.xctest */,
			);
			name = Products;
			sourceTree = "<group>";
		};
		432824E228949AC500C99285 /* campvison */ = {
			isa = PBXGroup;
			children = (
				432825132894BA2000C99285 /* images.png */,
				432824E328949AC500C99285 /* AppDelegate.swift */,
				432825112894A0E500C99285 /* HomePage.swift */,
				432824E528949AC500C99285 /* ContentView.swift */,
				432824E728949AC500C99285 /* Experience.rcproject */,
				432824E928949AC600C99285 /* Assets.xcassets */,
				432824EB28949AC600C99285 /* Preview Content */,
			);
			path = campvison;
			sourceTree = "<group>";
		};
		432824EB28949AC600C99285 /* Preview Content */ = {
			isa = PBXGroup;
			children = (
				432824EC28949AC600C99285 /* Preview Assets.xcassets */,
			);
			path = "Preview Content";
			sourceTree = "<group>";
		};
		432824F528949AC600C99285 /* campvisonTests */ = {
			isa = PBXGroup;
			children = (
				432824F628949AC600C99285 /* campvisonTests.swift */,
			);
			path = campvisonTests;
			sourceTree = "<group>";
		};
		432824FF28949AC600C99285 /* campvisonUITests */ = {
			isa = PBXGroup;
			children = (
				4328250028949AC600C99285 /* campvisonUITests.swift */,
				4328250228949AC600C99285 /* campvisonUITestsLaunchTests.swift */,
			);
			path = campvisonUITests;
			sourceTree = "<group>";
		};
/* End PBXGroup section */

/* Begin PBXNativeTarget section */
		432824DF28949AC500C99285 /* campvison */ = {
			isa = PBXNativeTarget;
			buildConfigurationList = 4328250628949AC600C99285 /* Build configuration list for PBXNativeTarget "campvison" */;
			buildPhases = (
				432824DC28949AC500C99285 /* Sources */,
				432824DD28949AC500C99285 /* Frameworks */,
				432824DE28949AC500C99285 /* Resources */,
			);
			buildRules = (
			);
			dependencies = (
			);
			name = campvison;
			productName = campvison;
			productReference = 432824E028949AC500C99285 /* campvison.app */;
			productType = "com.apple.product-type.application";
		};
		432824F128949AC600C99285 /* campvisonTests */ = {
			isa = PBXNativeTarget;
			buildConfigurationList = 4328250928949AC600C99285 /* Build configuration list for PBXNativeTarget "campvisonTests" */;
			buildPhases = (
				432824EE28949AC600C99285 /* Sources */,
				432824EF28949AC600C99285 /* Frameworks */,
				432824F028949AC600C99285 /* Resources */,
			);
			buildRules = (
			);
			dependencies = (
				432824F428949AC600C99285 /* PBXTargetDependency */,
			);
			name = campvisonTests;
			productName = campvisonTests;
			productReference = 432824F228949AC600C99285 /* campvisonTests.xctest */;
			productType = "com.apple.product-type.bundle.unit-test";
		};
		432824FB28949AC600C99285 /* campvisonUITests */ = {
			isa = PBXNativeTarget;
			buildConfigurationList = 4328250C28949AC600C99285 /* Build configuration list for PBXNativeTarget "campvisonUITests" */;
			buildPhases = (
				432824F828949AC600C99285 /* Sources */,
				432824F928949AC600C99285 /* Frameworks */,
				432824FA28949AC600C99285 /* Resources */,
			);
			buildRules = (
			);
			dependencies = (
				432824FE28949AC600C99285 /* PBXTargetDependency */,
			);
			name = campvisonUITests;
			productName = campvisonUITests;
			productReference = 432824FC28949AC600C99285 /* campvisonUITests.xctest */;
			productType = "com.apple.product-type.bundle.ui-testing";
		};
/* End PBXNativeTarget section */

/* Begin PBXProject section */
		432824D828949AC500C99285 /* Project object */ = {
			isa = PBXProject;
			attributes = {
				BuildIndependentTargetsInParallel = 1;
				LastSwiftUpdateCheck = 1340;
				LastUpgradeCheck = 1340;
				TargetAttributes = {
					432824DF28949AC500C99285 = {
						CreatedOnToolsVersion = 13.4;
					};
					432824F128949AC600C99285 = {
						CreatedOnToolsVersion = 13.4;
						TestTargetID = 432824DF28949AC500C99285;
					};
					432824FB28949AC600C99285 = {
						CreatedOnToolsVersion = 13.4;
						TestTargetID = 432824DF28949AC500C99285;
					};
				};
			};
			buildConfigurationList = 432824DB28949AC500C99285 /* Build configuration list for PBXProject "campvison" */;
			compatibilityVersion = "Xcode 13.0";
			developmentRegion = en;
			hasScannedForEncodings = 0;
			knownRegions = (
				en,
				Base,
			);
			mainGroup = 432824D728949AC500C99285;
			productRefGroup = 432824E128949AC500C99285 /* Products */;
			projectDirPath = "";
			projectRoot = "";
			targets = (
				432824DF28949AC500C99285 /* campvison */,
				432824F128949AC600C99285 /* campvisonTests */,
				432824FB28949AC600C99285 /* campvisonUITests */,
			);
		};
/* End PBXProject section */

/* Begin PBXResourcesBuildPhase section */
		432824DE28949AC500C99285 /* Resources */ = {
			isa = PBXResourcesBuildPhase;
			buildActionMask = 2147483647;
			files = (
				432825142894BA2000C99285 /* images.png in Resources */,
				432824ED28949AC600C99285 /* Preview Assets.xcassets in Resources */,
				432824EA28949AC600C99285 /* Assets.xcassets in Resources */,
			);
			runOnlyForDeploymentPostprocessing = 0;
		};
		432824F028949AC600C99285 /* Resources */ = {
			isa = PBXResourcesBuildPhase;
			buildActionMask = 2147483647;
			files = (
			);
			runOnlyForDeploymentPostprocessing = 0;
		};
		432824FA28949AC600C99285 /* Resources */ = {
			isa = PBXResourcesBuildPhase;
			buildActionMask = 2147483647;
			files = (
			);
			runOnlyForDeploymentPostprocessing = 0;
		};
/* End PBXResourcesBuildPhase section */

/* Begin PBXSourcesBuildPhase section */
		432824DC28949AC500C99285 /* Sources */ = {
			isa = PBXSourcesBuildPhase;
			buildActionMask = 2147483647;
			files = (
				432824E628949AC500C99285 /* ContentView.swift in Sources */,
				432824E428949AC500C99285 /* AppDelegate.swift in Sources */,
				432824E828949AC500C99285 /* Experience.rcproject in Sources */,
				432825122894A0E500C99285 /* HomePage.swift in Sources */,
			);
			runOnlyForDeploymentPostprocessing = 0;
		};
		432824EE28949AC600C99285 /* Sources */ = {
			isa = PBXSourcesBuildPhase;
			buildActionMask = 2147483647;
			files = (
				432824F728949AC600C99285 /* campvisonTests.swift in Sources */,
			);
			runOnlyForDeploymentPostprocessing = 0;
		};
		432824F828949AC600C99285 /* Sources */ = {
			isa = PBXSourcesBuildPhase;
			buildActionMask = 2147483647;
			files = (
				4328250128949AC600C99285 /* campvisonUITests.swift in Sources */,
				4328250328949AC600C99285 /* campvisonUITestsLaunchTests.swift in Sources */,
			);
			runOnlyForDeploymentPostprocessing = 0;
		};
/* End PBXSourcesBuildPhase section */

/* Begin PBXTargetDependency section */
		432824F428949AC600C99285 /* PBXTargetDependency */ = {
			isa = PBXTargetDependency;
			target = 432824DF28949AC500C99285 /* campvison */;
			targetProxy = 432824F328949AC600C99285 /* PBXContainerItemProxy */;
		};
		432824FE28949AC600C99285 /* PBXTargetDependency */ = {
			isa = PBXTargetDependency;
			target = 432824DF28949AC500C99285 /* campvison */;
			targetProxy = 432824FD28949AC600C99285 /* PBXContainerItemProxy */;
		};
/* End PBXTargetDependency section */

/* Begin XCBuildConfiguration section */
		4328250428949AC600C99285 /* Debug */ = {
			isa = XCBuildConfiguration;
			buildSettings = {
				ALWAYS_SEARCH_USER_PATHS = NO;
				CLANG_ANALYZER_NONNULL = YES;
				CLANG_ANALYZER_NUMBER_OBJECT_CONVERSION = YES_AGGRESSIVE;
				CLANG_CXX_LANGUAGE_STANDARD = "gnu++17";
				CLANG_ENABLE_MODULES = YES;
				CLANG_ENABLE_OBJC_ARC = YES;
				CLANG_ENABLE_OBJC_WEAK = YES;
				CLANG_WARN_BLOCK_CAPTURE_AUTORELEASING = YES;
				CLANG_WARN_BOOL_CONVERSION = YES;
				CLANG_WARN_COMMA = YES;
				CLANG_WARN_CONSTANT_CONVERSION = YES;
				CLANG_WARN_DEPRECATED_OBJC_IMPLEMENTATIONS = YES;
				CLANG_WARN_DIRECT_OBJC_ISA_USAGE = YES_ERROR;
				CLANG_WARN_DOCUMENTATION_COMMENTS = YES;
				CLANG_WARN_EMPTY_BODY = YES;
				CLANG_WARN_ENUM_CONVERSION = YES;
				CLANG_WARN_INFINITE_RECURSION = YES;
				CLANG_WARN_INT_CONVERSION = YES;
				CLANG_WARN_NON_LITERAL_NULL_CONVERSION = YES;
				CLANG_WARN_OBJC_IMPLICIT_RETAIN_SELF = YES;
				CLANG_WARN_OBJC_LITERAL_CONVERSION = YES;
				CLANG_WARN_OBJC_ROOT_CLASS = YES_ERROR;
				CLANG_WARN_QUOTED_INCLUDE_IN_FRAMEWORK_HEADER = YES;
				CLANG_WARN_RANGE_LOOP_ANALYSIS = YES;
				CLANG_WARN_STRICT_PROTOTYPES = YES;
				CLANG_WARN_SUSPICIOUS_MOVE = YES;
				CLANG_WARN_UNGUARDED_AVAILABILITY = YES_AGGRESSIVE;
				CLANG_WARN_UNREACHABLE_CODE = YES;
				CLANG_WARN__DUPLICATE_METHOD_MATCH = YES;
				COPY_PHASE_STRIP = NO;
				DEBUG_INFORMATION_FORMAT = dwarf;
				ENABLE_STRICT_OBJC_MSGSEND = YES;
				ENABLE_TESTABILITY = YES;
				GCC_C_LANGUAGE_STANDARD = gnu11;
				GCC_DYNAMIC_NO_PIC = NO;
				GCC_NO_COMMON_BLOCKS = YES;
				GCC_OPTIMIZATION_LEVEL = 0;
				GCC_PREPROCESSOR_DEFINITIONS = (
					"DEBUG=1",
					"$(inherited)",
				);
				GCC_WARN_64_TO_32_BIT_CONVERSION = YES;
				GCC_WARN_ABOUT_RETURN_TYPE = YES_ERROR;
				GCC_WARN_UNDECLARED_SELECTOR = YES;
				GCC_WARN_UNINITIALIZED_AUTOS = YES_AGGRESSIVE;
				GCC_WARN_UNUSED_FUNCTION = YES;
				GCC_WARN_UNUSED_VARIABLE = YES;
				IPHONEOS_DEPLOYMENT_TARGET = 15.5;
				MTL_ENABLE_DEBUG_INFO = INCLUDE_SOURCE;
				MTL_FAST_MATH = YES;
				ONLY_ACTIVE_ARCH = YES;
				SDKROOT = iphoneos;
				SWIFT_ACTIVE_COMPILATION_CONDITIONS = DEBUG;
				SWIFT_OPTIMIZATION_LEVEL = "-Onone";
			};
			name = Debug;
		};
		4328250528949AC600C99285 /* Release */ = {
			isa = XCBuildConfiguration;
			buildSettings = {
				ALWAYS_SEARCH_USER_PATHS = NO;
				CLANG_ANALYZER_NONNULL = YES;
				CLANG_ANALYZER_NUMBER_OBJECT_CONVERSION = YES_AGGRESSIVE;
				CLANG_CXX_LANGUAGE_STANDARD = "gnu++17";
				CLANG_ENABLE_MODULES = YES;
				CLANG_ENABLE_OBJC_ARC = YES;
				CLANG_ENABLE_OBJC_WEAK = YES;
				CLANG_WARN_BLOCK_CAPTURE_AUTORELEASING = YES;
				CLANG_WARN_BOOL_CONVERSION = YES;
				CLANG_WARN_COMMA = YES;
				CLANG_WARN_CONSTANT_CONVERSION = YES;
				CLANG_WARN_DEPRECATED_OBJC_IMPLEMENTATIONS = YES;
				CLANG_WARN_DIRECT_OBJC_ISA_USAGE = YES_ERROR;
				CLANG_WARN_DOCUMENTATION_COMMENTS = YES;
				CLANG_WARN_EMPTY_BODY = YES;
				CLANG_WARN_ENUM_CONVERSION = YES;
				CLANG_WARN_INFINITE_RECURSION = YES;
				CLANG_WARN_INT_CONVERSION = YES;
				CLANG_WARN_NON_LITERAL_NULL_CONVERSION = YES;
				CLANG_WARN_OBJC_IMPLICIT_RETAIN_SELF = YES;
				CLANG_WARN_OBJC_LITERAL_CONVERSION = YES;
				CLANG_WARN_OBJC_ROOT_CLASS = YES_ERROR;
				CLANG_WARN_QUOTED_INCLUDE_IN_FRAMEWORK_HEADER = YES;
				CLANG_WARN_RANGE_LOOP_ANALYSIS = YES;
				CLANG_WARN_STRICT_PROTOTYPES = YES;
				CLANG_WARN_SUSPICIOUS_MOVE = YES;
				CLANG_WARN_UNGUARDED_AVAILABILITY = YES_AGGRESSIVE;
				CLANG_WARN_UNREACHABLE_CODE = YES;
				CLANG_WARN__DUPLICATE_METHOD_MATCH = YES;
				COPY_PHASE_STRIP = NO;
				DEBUG_INFORMATION_FORMAT = "dwarf-with-dsym";
				ENABLE_NS_ASSERTIONS = NO;
				ENABLE_STRICT_OBJC_MSGSEND = YES;
				GCC_C_LANGUAGE_STANDARD = gnu11;
				GCC_NO_COMMON_BLOCKS = YES;
				GCC_WARN_64_TO_32_BIT_CONVERSION = YES;
				GCC_WARN_ABOUT_RETURN_TYPE = YES_ERROR;
				GCC_WARN_UNDECLARED_SELECTOR = YES;
				GCC_WARN_UNINITIALIZED_AUTOS = YES_AGGRESSIVE;
				GCC_WARN_UNUSED_FUNCTION = YES;
				GCC_WARN_UNUSED_VARIABLE = YES;
				IPHONEOS_DEPLOYMENT_TARGET = 15.5;
				MTL_ENABLE_DEBUG_INFO = NO;
				MTL_FAST_MATH = YES;
				SDKROOT = iphoneos;
				SWIFT_COMPILATION_MODE = wholemodule;
				SWIFT_OPTIMIZATION_LEVEL = "-O";
				VALIDATE_PRODUCT = YES;
			};
			name = Release;
		};
		4328250728949AC600C99285 /* Debug */ = {
			isa = XCBuildConfiguration;
			buildSettings = {
				ASSETCATALOG_COMPILER_APPICON_NAME = AppIcon;
				ASSETCATALOG_COMPILER_GLOBAL_ACCENT_COLOR_NAME = AccentColor;
				CODE_SIGN_STYLE = Automatic;
				CURRENT_PROJECT_VERSION = 1;
				DEVELOPMENT_ASSET_PATHS = "\"campvison/Preview Content\"";
				DEVELOPMENT_TEAM = 74ZKVDVJ3B;
				ENABLE_PREVIEWS = YES;
				GENERATE_INFOPLIST_FILE = YES;
				INFOPLIST_KEY_NSCameraUsageDescription = "";
				INFOPLIST_KEY_UIApplicationSupportsIndirectInputEvents = YES;
				INFOPLIST_KEY_UILaunchScreen_Generation = YES;
				INFOPLIST_KEY_UIRequiredDeviceCapabilities = arkit;
				INFOPLIST_KEY_UIStatusBarHidden = YES;
				INFOPLIST_KEY_UISupportedInterfaceOrientations_iPad = "UIInterfaceOrientationPortrait UIInterfaceOrientationPortraitUpsideDown UIInterfaceOrientationLandscapeLeft UIInterfaceOrientationLandscapeRight";
				INFOPLIST_KEY_UISupportedInterfaceOrientations_iPhone = "UIInterfaceOrientationPortrait UIInterfaceOrientationLandscapeLeft UIInterfaceOrientationLandscapeRight";
				LD_RUNPATH_SEARCH_PATHS = (
					"$(inherited)",
					"@executable_path/Frameworks",
				);
				MARKETING_VERSION = 1.0;
				PRODUCT_BUNDLE_IDENTIFIER = com.EkamGhai.campvison;
				PRODUCT_NAME = "$(TARGET_NAME)";
				SWIFT_EMIT_LOC_STRINGS = YES;
				SWIFT_VERSION = 5.0;
				TARGETED_DEVICE_FAMILY = "1,2";
			};
			name = Debug;
		};
		4328250828949AC600C99285 /* Release */ = {
			isa = XCBuildConfiguration;
			buildSettings = {
				ASSETCATALOG_COMPILER_APPICON_NAME = AppIcon;
				ASSETCATALOG_COMPILER_GLOBAL_ACCENT_COLOR_NAME = AccentColor;
				CODE_SIGN_STYLE = Automatic;
				CURRENT_PROJECT_VERSION = 1;
				DEVELOPMENT_ASSET_PATHS = "\"campvison/Preview Content\"";
				DEVELOPMENT_TEAM = 74ZKVDVJ3B;
				ENABLE_PREVIEWS = YES;
				GENERATE_INFOPLIST_FILE = YES;
				INFOPLIST_KEY_NSCameraUsageDescription = "";
				INFOPLIST_KEY_UIApplicationSupportsIndirectInputEvents = YES;
				INFOPLIST_KEY_UILaunchScreen_Generation = YES;
				INFOPLIST_KEY_UIRequiredDeviceCapabilities = arkit;
				INFOPLIST_KEY_UIStatusBarHidden = YES;
				INFOPLIST_KEY_UISupportedInterfaceOrientations_iPad = "UIInterfaceOrientationPortrait UIInterfaceOrientationPortraitUpsideDown UIInterfaceOrientationLandscapeLeft UIInterfaceOrientationLandscapeRight";
				INFOPLIST_KEY_UISupportedInterfaceOrientations_iPhone = "UIInterfaceOrientationPortrait UIInterfaceOrientationLandscapeLeft UIInterfaceOrientationLandscapeRight";
				LD_RUNPATH_SEARCH_PATHS = (
					"$(inherited)",
					"@executable_path/Frameworks",
				);
				MARKETING_VERSION = 1.0;
				PRODUCT_BUNDLE_IDENTIFIER = com.EkamGhai.campvison;
				PRODUCT_NAME = "$(TARGET_NAME)";
				SWIFT_EMIT_LOC_STRINGS = YES;
				SWIFT_VERSION = 5.0;
				TARGETED_DEVICE_FAMILY = "1,2";
			};
			name = Release;
		};
		4328250A28949AC600C99285 /* Debug */ = {
			isa = XCBuildConfiguration;
			buildSettings = {
				ALWAYS_EMBED_SWIFT_STANDARD_LIBRARIES = YES;
				BUNDLE_LOADER = "$(TEST_HOST)";
				CODE_SIGN_STYLE = Automatic;
				CURRENT_PROJECT_VERSION = 1;
				DEVELOPMENT_TEAM = 74ZKVDVJ3B;
				GENERATE_INFOPLIST_FILE = YES;
				IPHONEOS_DEPLOYMENT_TARGET = 15.5;
				MARKETING_VERSION = 1.0;
				PRODUCT_BUNDLE_IDENTIFIER = com.EkamGhai.campvisonTests;
				PRODUCT_NAME = "$(TARGET_NAME)";
				SWIFT_EMIT_LOC_STRINGS = NO;
				SWIFT_VERSION = 5.0;
				TARGETED_DEVICE_FAMILY = "1,2";
				TEST_HOST = "$(BUILT_PRODUCTS_DIR)/campvison.app/campvison";
			};
			name = Debug;
		};
		4328250B28949AC600C99285 /* Release */ = {
			isa = XCBuildConfiguration;
			buildSettings = {
				ALWAYS_EMBED_SWIFT_STANDARD_LIBRARIES = YES;
				BUNDLE_LOADER = "$(TEST_HOST)";
				CODE_SIGN_STYLE = Automatic;
				CURRENT_PROJECT_VERSION = 1;
				DEVELOPMENT_TEAM = 74ZKVDVJ3B;
				GENERATE_INFOPLIST_FILE = YES;
				IPHONEOS_DEPLOYMENT_TARGET = 15.5;
				MARKETING_VERSION = 1.0;
				PRODUCT_BUNDLE_IDENTIFIER = com.EkamGhai.campvisonTests;
				PRODUCT_NAME = "$(TARGET_NAME)";
				SWIFT_EMIT_LOC_STRINGS = NO;
				SWIFT_VERSION = 5.0;
				TARGETED_DEVICE_FAMILY = "1,2";
				TEST_HOST = "$(BUILT_PRODUCTS_DIR)/campvison.app/campvison";
			};
			name = Release;
		};
		4328250D28949AC600C99285 /* Debug */ = {
			isa = XCBuildConfiguration;
			buildSettings = {
				ALWAYS_EMBED_SWIFT_STANDARD_LIBRARIES = YES;
				CODE_SIGN_STYLE = Automatic;
				CURRENT_PROJECT_VERSION = 1;
				DEVELOPMENT_TEAM = 74ZKVDVJ3B;
				GENERATE_INFOPLIST_FILE = YES;
				MARKETING_VERSION = 1.0;
				PRODUCT_BUNDLE_IDENTIFIER = com.EkamGhai.campvisonUITests;
				PRODUCT_NAME = "$(TARGET_NAME)";
				SWIFT_EMIT_LOC_STRINGS = NO;
				SWIFT_VERSION = 5.0;
				TARGETED_DEVICE_FAMILY = "1,2";
				TEST_TARGET_NAME = campvison;
			};
			name = Debug;
		};
		4328250E28949AC600C99285 /* Release */ = {
			isa = XCBuildConfiguration;
			buildSettings = {
				ALWAYS_EMBED_SWIFT_STANDARD_LIBRARIES = YES;
				CODE_SIGN_STYLE = Automatic;
				CURRENT_PROJECT_VERSION = 1;
				DEVELOPMENT_TEAM = 74ZKVDVJ3B;
				GENERATE_INFOPLIST_FILE = YES;
				MARKETING_VERSION = 1.0;
				PRODUCT_BUNDLE_IDENTIFIER = com.EkamGhai.campvisonUITests;
				PRODUCT_NAME = "$(TARGET_NAME)";
				SWIFT_EMIT_LOC_STRINGS = NO;
				SWIFT_VERSION = 5.0;
				TARGETED_DEVICE_FAMILY = "1,2";
				TEST_TARGET_NAME = campvison;
			};
			name = Release;
		};
/* End XCBuildConfiguration section */

/* Begin XCConfigurationList section */
		432824DB28949AC500C99285 /* Build configuration list for PBXProject "campvison" */ = {
			isa = XCConfigurationList;
			buildConfigurations = (
				4328250428949AC600C99285 /* Debug */,
				4328250528949AC600C99285 /* Release */,
			);
			defaultConfigurationIsVisible = 0;
			defaultConfigurationName = Release;
		};
		4328250628949AC600C99285 /* Build configuration list for PBXNativeTarget "campvison" */ = {
			isa = XCConfigurationList;
			buildConfigurations = (
				4328250728949AC600C99285 /* Debug */,
				4328250828949AC600C99285 /* Release */,
			);
			defaultConfigurationIsVisible = 0;
			defaultConfigurationName = Release;
		};
		4328250928949AC600C99285 /* Build configuration list for PBXNativeTarget "campvisonTests" */ = {
			isa = XCConfigurationList;
			buildConfigurations = (
				4328250A28949AC600C99285 /* Debug */,
				4328250B28949AC600C99285 /* Release */,
			);
			defaultConfigurationIsVisible = 0;
			defaultConfigurationName = Release;
		};
		4328250C28949AC600C99285 /* Build configuration list for PBXNativeTarget "campvisonUITests" */ = {
			isa = XCConfigurationList;
			buildConfigurations = (
				4328250D28949AC600C99285 /* Debug */,
				4328250E28949AC600C99285 /* Release */,
			);
			defaultConfigurationIsVisible = 0;
			defaultConfigurationName = Release;
		};
/* End XCConfigurationList section */
	};
	rootObject = 432824D828949AC500C99285 /* Project object */;
}
